
Microsoft Visual Studio Solution File, Format Version 12.00
# Visual Studio 15
VisualStudioVersion = 15.0.28307.329
MinimumVisualStudioVersion = 10.0.40219.1
Project("{FAE04EC0-301F-11D3-BF4B-00C04F79EFBC}") = "UserRegister", "UserRegister\UserRegister.csproj", "{DD664035-2D31-4075-99A8-8C02788A757D}"
EndProject
Project("{FAE04EC0-301F-11D3-BF4B-00C04F79EFBC}") = "UserRegister.Tests", "UserRegister.Tests\UserRegister.Tests.csproj", "{B95A24E8-A9D6-411F-9737-7BE6D2394B9A}"
EndProject
Global
	GlobalSection(SolutionConfigurationPlatforms) = preSolution
		Debug|Any CPU = Debug|Any CPU
		Release|Any CPU = Release|Any CPU
	EndGlobalSection
	GlobalSection(ProjectConfigurationPlatforms) = postSolution
		{DD664035-2D31-4075-99A8-8C02788A757D}.Debug|Any CPU.ActiveCfg = Debug|Any CPU
		{DD664035-2D31-4075-99A8-8C02788A757D}.Debug|Any CPU.Build.0 = Debug|Any CPU
		{DD664035-2D31-4075-99A8-8C02788A757D}.Release|Any CPU.ActiveCfg = Release|Any CPU
		{DD664035-2D31-4075-99A8-8C02788A757D}.Release|Any CPU.Build.0 = Release|Any CPU
		{B95A24E8-A9D6-411F-9737-7BE6D2394B9A}.Debug|Any CPU.ActiveCfg = Debug|Any CPU
		{B95A24E8-A9D6-411F-9737-7BE6D2394B9A}.Debug|Any CPU.Build.0 = Debug|Any CPU
		{B95A24E8-A9D6-411F-9737-7BE6D2394B9A}.Release|Any CPU.ActiveCfg = Release|Any CPU
		{B95A24E8-A9D6-411F-9737-7BE6D2394B9A}.Release|Any CPU.Build.0 = Release|Any CPU
	EndGlobalSection
	GlobalSection(SolutionProperties) = preSolution
		HideSolutionNode = FALSE
	EndGlobalSection
	GlobalSection(ExtensibilityGlobals) = postSolution
		SolutionGuid = {AA9D5260-4583-46C2-A058-5994B31AC189}
	EndGlobalSection
EndGlobal
